// !$*UTF8*$!
{
	archiveVersion = 1;
	classes = {
	};
	objectVersion = 50;
	objects = {

/* Begin PBXBuildFile section */
		AC2271ED2243EA3B005865B7 /* AppDelegate.swift in Sources */ = {isa = PBXBuildFile; fileRef = AC2271EC2243EA3B005865B7 /* AppDelegate.swift */; };
		AC2271EF2243EA3B005865B7 /* GameTableViewController.swift in Sources */ = {isa = PBXBuildFile; fileRef = AC2271EE2243EA3B005865B7 /* GameTableViewController.swift */; };
		AC2271F22243EA3B005865B7 /* Main.storyboard in Resources */ = {isa = PBXBuildFile; fileRef = AC2271F02243EA3B005865B7 /* Main.storyboard */; };
		AC2271F42243EA3C005865B7 /* Assets.xcassets in Resources */ = {isa = PBXBuildFile; fileRef = AC2271F32243EA3C005865B7 /* Assets.xcassets */; };
		AC2272022243EA3D005865B7 /* Proyecto_UF1_M08Tests.swift in Sources */ = {isa = PBXBuildFile; fileRef = AC2272012243EA3D005865B7 /* Proyecto_UF1_M08Tests.swift */; };
		AC22720D2243EA3D005865B7 /* Proyecto_UF1_M08UITests.swift in Sources */ = {isa = PBXBuildFile; fileRef = AC22720C2243EA3D005865B7 /* Proyecto_UF1_M08UITests.swift */; };
		AC709F4522492E7C00B65B10 /* Launch Screen.storyboard in Resources */ = {isa = PBXBuildFile; fileRef = AC709F4422492E7C00B65B10 /* Launch Screen.storyboard */; };
		AC709F4722493C5500B65B10 /* TableCell.swift in Sources */ = {isa = PBXBuildFile; fileRef = AC709F4622493C5500B65B10 /* TableCell.swift */; };
		AC709F49224D277900B65B10 /* TableViewController.swift in Sources */ = {isa = PBXBuildFile; fileRef = AC709F48224D277900B65B10 /* TableViewController.swift */; };
		EF5F6EBD224D12CA00954FF0 /* imagen_logo.png in Resources */ = {isa = PBXBuildFile; fileRef = EF5F6EBC224D12CA00954FF0 /* imagen_logo.png */; };
/* End PBXBuildFile section */

/* Begin PBXContainerItemProxy section */
		AC2271FE2243EA3D005865B7 /* PBXContainerItemProxy */ = {
			isa = PBXContainerItemProxy;
			containerPortal = AC2271E12243EA3B005865B7 /* Project object */;
			proxyType = 1;
			remoteGlobalIDString = AC2271E82243EA3B005865B7;
			remoteInfo = Proyecto_UF1_M08;
		};
		AC2272092243EA3D005865B7 /* PBXContainerItemProxy */ = {
			isa = PBXContainerItemProxy;
			containerPortal = AC2271E12243EA3B005865B7 /* Project object */;
			proxyType = 1;
			remoteGlobalIDString = AC2271E82243EA3B005865B7;
			remoteInfo = Proyecto_UF1_M08;
		};
/* End PBXContainerItemProxy section */

/* Begin PBXFileReference section */
		AC2271E92243EA3B005865B7 /* Proyecto_UF1_M08.app */ = {isa = PBXFileReference; explicitFileType = wrapper.application; includeInIndex = 0; path = Proyecto_UF1_M08.app; sourceTree = BUILT_PRODUCTS_DIR; };
		AC2271EC2243EA3B005865B7 /* AppDelegate.swift */ = {isa = PBXFileReference; lastKnownFileType = sourcecode.swift; path = AppDelegate.swift; sourceTree = "<group>"; };
		AC2271EE2243EA3B005865B7 /* GameTableViewController.swift */ = {isa = PBXFileReference; lastKnownFileType = sourcecode.swift; path = GameTableViewController.swift; sourceTree = "<group>"; };
		AC2271F12243EA3B005865B7 /* Base */ = {isa = PBXFileReference; lastKnownFileType = file.storyboard; name = Base; path = Base.lproj/Main.storyboard; sourceTree = "<group>"; };
		AC2271F32243EA3C005865B7 /* Assets.xcassets */ = {isa = PBXFileReference; lastKnownFileType = folder.assetcatalog; path = Assets.xcassets; sourceTree = "<group>"; };
		AC2271F82243EA3C005865B7 /* Info.plist */ = {isa = PBXFileReference; lastKnownFileType = text.plist.xml; path = Info.plist; sourceTree = "<group>"; };
		AC2271FD2243EA3D005865B7 /* Proyecto_UF1_M08Tests.xctest */ = {isa = PBXFileReference; explicitFileType = wrapper.cfbundle; includeInIndex = 0; path = Proyecto_UF1_M08Tests.xctest; sourceTree = BUILT_PRODUCTS_DIR; };
		AC2272012243EA3D005865B7 /* Proyecto_UF1_M08Tests.swift */ = {isa = PBXFileReference; lastKnownFileType = sourcecode.swift; path = Proyecto_UF1_M08Tests.swift; sourceTree = "<group>"; };
		AC2272032243EA3D005865B7 /* Info.plist */ = {isa = PBXFileReference; lastKnownFileType = text.plist.xml; path = Info.plist; sourceTree = "<group>"; };
		AC2272082243EA3D005865B7 /* Proyecto_UF1_M08UITests.xctest */ = {isa = PBXFileReference; explicitFileType = wrapper.cfbundle; includeInIndex = 0; path = Proyecto_UF1_M08UITests.xctest; sourceTree = BUILT_PRODUCTS_DIR; };
		AC22720C2243EA3D005865B7 /* Proyecto_UF1_M08UITests.swift */ = {isa = PBXFileReference; lastKnownFileType = sourcecode.swift; path = Proyecto_UF1_M08UITests.swift; sourceTree = "<group>"; };
		AC22720E2243EA3D005865B7 /* Info.plist */ = {isa = PBXFileReference; lastKnownFileType = text.plist.xml; path = Info.plist; sourceTree = "<group>"; };
		AC709F4422492E7C00B65B10 /* Launch Screen.storyboard */ = {isa = PBXFileReference; lastKnownFileType = file.storyboard; path = "Launch Screen.storyboard"; sourceTree = "<group>"; };
		AC709F4622493C5500B65B10 /* TableCell.swift */ = {isa = PBXFileReference; lastKnownFileType = sourcecode.swift; path = TableCell.swift; sourceTree = "<group>"; };
		AC709F48224D277900B65B10 /* TableViewController.swift */ = {isa = PBXFileReference; lastKnownFileType = sourcecode.swift; path = TableViewController.swift; sourceTree = "<group>"; };
		EF5F6EBC224D12CA00954FF0 /* imagen_logo.png */ = {isa = PBXFileReference; lastKnownFileType = image.png; path = imagen_logo.png; sourceTree = "<group>"; };
/* End PBXFileReference section */

/* Begin PBXFrameworksBuildPhase section */
		AC2271E62243EA3B005865B7 /* Frameworks */ = {
			isa = PBXFrameworksBuildPhase;
			buildActionMask = 2147483647;
			files = (
			);
			runOnlyForDeploymentPostprocessing = 0;
		};
		AC2271FA2243EA3D005865B7 /* Frameworks */ = {
			isa = PBXFrameworksBuildPhase;
			buildActionMask = 2147483647;
			files = (
			);
			runOnlyForDeploymentPostprocessing = 0;
		};
		AC2272052243EA3D005865B7 /* Frameworks */ = {
			isa = PBXFrameworksBuildPhase;
			buildActionMask = 2147483647;
			files = (
			);
			runOnlyForDeploymentPostprocessing = 0;
		};
/* End PBXFrameworksBuildPhase section */

/* Begin PBXGroup section */
		AC2271E02243EA3B005865B7 = {
			isa = PBXGroup;
			children = (
				AC2271EB2243EA3B005865B7 /* Proyecto_UF1_M08 */,
				AC2272002243EA3D005865B7 /* Proyecto_UF1_M08Tests */,
				AC22720B2243EA3D005865B7 /* Proyecto_UF1_M08UITests */,
				AC2271EA2243EA3B005865B7 /* Products */,
			);
			sourceTree = "<group>";
		};
		AC2271EA2243EA3B005865B7 /* Products */ = {
			isa = PBXGroup;
			children = (
				AC2271E92243EA3B005865B7 /* Proyecto_UF1_M08.app */,
				AC2271FD2243EA3D005865B7 /* Proyecto_UF1_M08Tests.xctest */,
				AC2272082243EA3D005865B7 /* Proyecto_UF1_M08UITests.xctest */,
			);
			name = Products;
			sourceTree = "<group>";
		};
		AC2271EB2243EA3B005865B7 /* Proyecto_UF1_M08 */ = {
			isa = PBXGroup;
			children = (
				AC2271EC2243EA3B005865B7 /* AppDelegate.swift */,
				AC2271EE2243EA3B005865B7 /* GameTableViewController.swift */,
				AC2271F02243EA3B005865B7 /* Main.storyboard */,
				AC709F4622493C5500B65B10 /* TableCell.swift */,
				AC709F4422492E7C00B65B10 /* Launch Screen.storyboard */,
				EF5F6EBC224D12CA00954FF0 /* imagen_logo.png */,
				AC2271F32243EA3C005865B7 /* Assets.xcassets */,
				AC2271F82243EA3C005865B7 /* Info.plist */,
				AC709F48224D277900B65B10 /* TableViewController.swift */,
			);
			path = Proyecto_UF1_M08;
			sourceTree = "<group>";
		};
		AC2272002243EA3D005865B7 /* Proyecto_UF1_M08Tests */ = {
			isa = PBXGroup;
			children = (
				AC2272012243EA3D005865B7 /* Proyecto_UF1_M08Tests.swift */,
				AC2272032243EA3D005865B7 /* Info.plist */,
			);
			path = Proyecto_UF1_M08Tests;
			sourceTree = "<group>";
		};
		AC22720B2243EA3D005865B7 /* Proyecto_UF1_M08UITests */ = {
			isa = PBXGroup;
			children = (
				AC22720C2243EA3D005865B7 /* Proyecto_UF1_M08UITests.swift */,
				AC22720E2243EA3D005865B7 /* Info.plist */,
			);
			path = Proyecto_UF1_M08UITests;
			sourceTree = "<group>";
		};
/* End PBXGroup section */

/* Begin PBXNativeTarget section */
		AC2271E82243EA3B005865B7 /* Proyecto_UF1_M08 */ = {
			isa = PBXNativeTarget;
			buildConfigurationList = AC2272112243EA3D005865B7 /* Build configuration list for PBXNativeTarget "Proyecto_UF1_M08" */;
			buildPhases = (
				AC2271E52243EA3B005865B7 /* Sources */,
				AC2271E62243EA3B005865B7 /* Frameworks */,
				AC2271E72243EA3B005865B7 /* Resources */,
			);
			buildRules = (
			);
			dependencies = (
			);
			name = Proyecto_UF1_M08;
			productName = Proyecto_UF1_M08;
			productReference = AC2271E92243EA3B005865B7 /* Proyecto_UF1_M08.app */;
			productType = "com.apple.product-type.application";
		};
		AC2271FC2243EA3D005865B7 /* Proyecto_UF1_M08Tests */ = {
			isa = PBXNativeTarget;
			buildConfigurationList = AC2272142243EA3D005865B7 /* Build configuration list for PBXNativeTarget "Proyecto_UF1_M08Tests" */;
			buildPhases = (
				AC2271F92243EA3D005865B7 /* Sources */,
				AC2271FA2243EA3D005865B7 /* Frameworks */,
				AC2271FB2243EA3D005865B7 /* Resources */,
			);
			buildRules = (
			);
			dependencies = (
				AC2271FF2243EA3D005865B7 /* PBXTargetDependency */,
			);
			name = Proyecto_UF1_M08Tests;
			productName = Proyecto_UF1_M08Tests;
			productReference = AC2271FD2243EA3D005865B7 /* Proyecto_UF1_M08Tests.xctest */;
			productType = "com.apple.product-type.bundle.unit-test";
		};
		AC2272072243EA3D005865B7 /* Proyecto_UF1_M08UITests */ = {
			isa = PBXNativeTarget;
			buildConfigurationList = AC2272172243EA3D005865B7 /* Build configuration list for PBXNativeTarget "Proyecto_UF1_M08UITests" */;
			buildPhases = (
				AC2272042243EA3D005865B7 /* Sources */,
				AC2272052243EA3D005865B7 /* Frameworks */,
				AC2272062243EA3D005865B7 /* Resources */,
			);
			buildRules = (
			);
			dependencies = (
				AC22720A2243EA3D005865B7 /* PBXTargetDependency */,
			);
			name = Proyecto_UF1_M08UITests;
			productName = Proyecto_UF1_M08UITests;
			productReference = AC2272082243EA3D005865B7 /* Proyecto_UF1_M08UITests.xctest */;
			productType = "com.apple.product-type.bundle.ui-testing";
		};
/* End PBXNativeTarget section */

/* Begin PBXProject section */
		AC2271E12243EA3B005865B7 /* Project object */ = {
			isa = PBXProject;
			attributes = {
				LastSwiftUpdateCheck = 1010;
				LastUpgradeCheck = 1010;
				ORGANIZATIONNAME = "Mario Torrano";
				TargetAttributes = {
					AC2271E82243EA3B005865B7 = {
						CreatedOnToolsVersion = 10.1;
					};
					AC2271FC2243EA3D005865B7 = {
						CreatedOnToolsVersion = 10.1;
						TestTargetID = AC2271E82243EA3B005865B7;
					};
					AC2272072243EA3D005865B7 = {
						CreatedOnToolsVersion = 10.1;
						TestTargetID = AC2271E82243EA3B005865B7;
					};
				};
			};
			buildConfigurationList = AC2271E42243EA3B005865B7 /* Build configuration list for PBXProject "Proyecto_UF1_M08" */;
			compatibilityVersion = "Xcode 9.3";
			developmentRegion = en;
			hasScannedForEncodings = 0;
			knownRegions = (
				en,
				Base,
			);
			mainGroup = AC2271E02243EA3B005865B7;
			productRefGroup = AC2271EA2243EA3B005865B7 /* Products */;
			projectDirPath = "";
			projectRoot = "";
			targets = (
				AC2271E82243EA3B005865B7 /* Proyecto_UF1_M08 */,
				AC2271FC2243EA3D005865B7 /* Proyecto_UF1_M08Tests */,
				AC2272072243EA3D005865B7 /* Proyecto_UF1_M08UITests */,
			);
		};
/* End PBXProject section */

/* Begin PBXResourcesBuildPhase section */
		AC2271E72243EA3B005865B7 /* Resources */ = {
			isa = PBXResourcesBuildPhase;
			buildActionMask = 2147483647;
			files = (
				AC2271F42243EA3C005865B7 /* Assets.xcassets in Resources */,
				AC2271F22243EA3B005865B7 /* Main.storyboard in Resources */,
				AC709F4522492E7C00B65B10 /* Launch Screen.storyboard in Resources */,
				EF5F6EBD224D12CA00954FF0 /* imagen_logo.png in Resources */,
			);
			runOnlyForDeploymentPostprocessing = 0;
		};
		AC2271FB2243EA3D005865B7 /* Resources */ = {
			isa = PBXResourcesBuildPhase;
			buildActionMask = 2147483647;
			files = (
			);
			runOnlyForDeploymentPostprocessing = 0;
		};
		AC2272062243EA3D005865B7 /* Resources */ = {
			isa = PBXResourcesBuildPhase;
			buildActionMask = 2147483647;
			files = (
			);
			runOnlyForDeploymentPostprocessing = 0;
		};
/* End PBXResourcesBuildPhase section */

/* Begin PBXSourcesBuildPhase section */
		AC2271E52243EA3B005865B7 /* Sources */ = {
			isa = PBXSourcesBuildPhase;
			buildActionMask = 2147483647;
			files = (
				AC709F4722493C5500B65B10 /* TableCell.swift in Sources */,
				AC2271EF2243EA3B005865B7 /* GameTableViewController.swift in Sources */,
				AC2271ED2243EA3B005865B7 /* AppDelegate.swift in Sources */,
				AC709F49224D277900B65B10 /* TableViewController.swift in Sources */,
			);
			runOnlyForDeploymentPostprocessing = 0;
		};
		AC2271F92243EA3D005865B7 /* Sources */ = {
			isa = PBXSourcesBuildPhase;
			buildActionMask = 2147483647;
			files = (
				AC2272022243EA3D005865B7 /* Proyecto_UF1_M08Tests.swift in Sources */,
			);
			runOnlyForDeploymentPostprocessing = 0;
		};
		AC2272042243EA3D005865B7 /* Sources */ = {
			isa = PBXSourcesBuildPhase;
			buildActionMask = 2147483647;
			files = (
				AC22720D2243EA3D005865B7 /* Proyecto_UF1_M08UITests.swift in Sources */,
			);
			runOnlyForDeploymentPostprocessing = 0;
		};
/* End PBXSourcesBuildPhase section */

/* Begin PBXTargetDependency section */
		AC2271FF2243EA3D005865B7 /* PBXTargetDependency */ = {
			isa = PBXTargetDependency;
			target = AC2271E82243EA3B005865B7 /* Proyecto_UF1_M08 */;
			targetProxy = AC2271FE2243EA3D005865B7 /* PBXContainerItemProxy */;
		};
		AC22720A2243EA3D005865B7 /* PBXTargetDependency */ = {
			isa = PBXTargetDependency;
			target = AC2271E82243EA3B005865B7 /* Proyecto_UF1_M08 */;
			targetProxy = AC2272092243EA3D005865B7 /* PBXContainerItemProxy */;
		};
/* End PBXTargetDependency section */

/* Begin PBXVariantGroup section */
		AC2271F02243EA3B005865B7 /* Main.storyboard */ = {
			isa = PBXVariantGroup;
			children = (
				AC2271F12243EA3B005865B7 /* Base */,
			);
			name = Main.storyboard;
			sourceTree = "<group>";
		};
/* End PBXVariantGroup section */

/* Begin XCBuildConfiguration section */
		AC22720F2243EA3D005865B7 /* Debug */ = {
			isa = XCBuildConfiguration;
			buildSettings = {
				ALWAYS_SEARCH_USER_PATHS = NO;
				CLANG_ANALYZER_NONNULL = YES;
				CLANG_ANALYZER_NUMBER_OBJECT_CONVERSION = YES_AGGRESSIVE;
				CLANG_CXX_LANGUAGE_STANDARD = "gnu++14";
				CLANG_CXX_LIBRARY = "libc++";
				CLANG_ENABLE_MODULES = YES;
				CLANG_ENABLE_OBJC_ARC = YES;
				CLANG_ENABLE_OBJC_WEAK = YES;
				CLANG_WARN_BLOCK_CAPTURE_AUTORELEASING = YES;
				CLANG_WARN_BOOL_CONVERSION = YES;
				CLANG_WARN_COMMA = YES;
				CLANG_WARN_CONSTANT_CONVERSION = YES;
				CLANG_WARN_DEPRECATED_OBJC_IMPLEMENTATIONS = YES;
				CLANG_WARN_DIRECT_OBJC_ISA_USAGE = YES_ERROR;
				CLANG_WARN_DOCUMENTATION_COMMENTS = YES;
				CLANG_WARN_EMPTY_BODY = YES;
				CLANG_WARN_ENUM_CONVERSION = YES;
				CLANG_WARN_INFINITE_RECURSION = YES;
				CLANG_WARN_INT_CONVERSION = YES;
				CLANG_WARN_NON_LITERAL_NULL_CONVERSION = YES;
				CLANG_WARN_OBJC_IMPLICIT_RETAIN_SELF = YES;
				CLANG_WARN_OBJC_LITERAL_CONVERSION = YES;
				CLANG_WARN_OBJC_ROOT_CLASS = YES_ERROR;
				CLANG_WARN_RANGE_LOOP_ANALYSIS = YES;
				CLANG_WARN_STRICT_PROTOTYPES = YES;
				CLANG_WARN_SUSPICIOUS_MOVE = YES;
				CLANG_WARN_UNGUARDED_AVAILABILITY = YES_AGGRESSIVE;
				CLANG_WARN_UNREACHABLE_CODE = YES;
				CLANG_WARN__DUPLICATE_METHOD_MATCH = YES;
				CODE_SIGN_IDENTITY = "iPhone Developer";
				COPY_PHASE_STRIP = NO;
				DEBUG_INFORMATION_FORMAT = dwarf;
				ENABLE_STRICT_OBJC_MSGSEND = YES;
				ENABLE_TESTABILITY = YES;
				GCC_C_LANGUAGE_STANDARD = gnu11;
				GCC_DYNAMIC_NO_PIC = NO;
				GCC_NO_COMMON_BLOCKS = YES;
				GCC_OPTIMIZATION_LEVEL = 0;
				GCC_PREPROCESSOR_DEFINITIONS = (
					"DEBUG=1",
					"$(inherited)",
				);
				GCC_WARN_64_TO_32_BIT_CONVERSION = YES;
				GCC_WARN_ABOUT_RETURN_TYPE = YES_ERROR;
				GCC_WARN_UNDECLARED_SELECTOR = YES;
				GCC_WARN_UNINITIALIZED_AUTOS = YES_AGGRESSIVE;
				GCC_WARN_UNUSED_FUNCTION = YES;
				GCC_WARN_UNUSED_VARIABLE = YES;
				IPHONEOS_DEPLOYMENT_TARGET = 12.1;
				MTL_ENABLE_DEBUG_INFO = INCLUDE_SOURCE;
				MTL_FAST_MATH = YES;
				ONLY_ACTIVE_ARCH = YES;
				SDKROOT = iphoneos;
				SWIFT_ACTIVE_COMPILATION_CONDITIONS = DEBUG;
				SWIFT_OPTIMIZATION_LEVEL = "-Onone";
			};
			name = Debug;
		};
		AC2272102243EA3D005865B7 /* Release */ = {
			isa = XCBuildConfiguration;
			buildSettings = {
				ALWAYS_SEARCH_USER_PATHS = NO;
				CLANG_ANALYZER_NONNULL = YES;
				CLANG_ANALYZER_NUMBER_OBJECT_CONVERSION = YES_AGGRESSIVE;
				CLANG_CXX_LANGUAGE_STANDARD = "gnu++14";
				CLANG_CXX_LIBRARY = "libc++";
				CLANG_ENABLE_MODULES = YES;
				CLANG_ENABLE_OBJC_ARC = YES;
				CLANG_ENABLE_OBJC_WEAK = YES;
				CLANG_WARN_BLOCK_CAPTURE_AUTORELEASING = YES;
				CLANG_WARN_BOOL_CONVERSION = YES;
				CLANG_WARN_COMMA = YES;
				CLANG_WARN_CONSTANT_CONVERSION = YES;
				CLANG_WARN_DEPRECATED_OBJC_IMPLEMENTATIONS = YES;
				CLANG_WARN_DIRECT_OBJC_ISA_USAGE = YES_ERROR;
				CLANG_WARN_DOCUMENTATION_COMMENTS = YES;
				CLANG_WARN_EMPTY_BODY = YES;
				CLANG_WARN_ENUM_CONVERSION = YES;
				CLANG_WARN_INFINITE_RECURSION = YES;
				CLANG_WARN_INT_CONVERSION = YES;
				CLANG_WARN_NON_LITERAL_NULL_CONVERSION = YES;
				CLANG_WARN_OBJC_IMPLICIT_RETAIN_SELF = YES;
				CLANG_WARN_OBJC_LITERAL_CONVERSION = YES;
				CLANG_WARN_OBJC_ROOT_CLASS = YES_ERROR;
				CLANG_WARN_RANGE_LOOP_ANALYSIS = YES;
				CLANG_WARN_STRICT_PROTOTYPES = YES;
				CLANG_WARN_SUSPICIOUS_MOVE = YES;
				CLANG_WARN_UNGUARDED_AVAILABILITY = YES_AGGRESSIVE;
				CLANG_WARN_UNREACHABLE_CODE = YES;
				CLANG_WARN__DUPLICATE_METHOD_MATCH = YES;
				CODE_SIGN_IDENTITY = "iPhone Developer";
				COPY_PHASE_STRIP = NO;
				DEBUG_INFORMATION_FORMAT = "dwarf-with-dsym";
				ENABLE_NS_ASSERTIONS = NO;
				ENABLE_STRICT_OBJC_MSGSEND = YES;
				GCC_C_LANGUAGE_STANDARD = gnu11;
				GCC_NO_COMMON_BLOCKS = YES;
				GCC_WARN_64_TO_32_BIT_CONVERSION = YES;
				GCC_WARN_ABOUT_RETURN_TYPE = YES_ERROR;
				GCC_WARN_UNDECLARED_SELECTOR = YES;
				GCC_WARN_UNINITIALIZED_AUTOS = YES_AGGRESSIVE;
				GCC_WARN_UNUSED_FUNCTION = YES;
				GCC_WARN_UNUSED_VARIABLE = YES;
				IPHONEOS_DEPLOYMENT_TARGET = 12.1;
				MTL_ENABLE_DEBUG_INFO = NO;
				MTL_FAST_MATH = YES;
				SDKROOT = iphoneos;
				SWIFT_COMPILATION_MODE = wholemodule;
				SWIFT_OPTIMIZATION_LEVEL = "-O";
				VALIDATE_PRODUCT = YES;
			};
			name = Release;
		};
		AC2272122243EA3D005865B7 /* Debug */ = {
			isa = XCBuildConfiguration;
			buildSettings = {
				ASSETCATALOG_COMPILER_APPICON_NAME = AppIcon;
				CODE_SIGN_STYLE = Automatic;
				DEVELOPMENT_TEAM = PX925RLNRA;
				INFOPLIST_FILE = Proyecto_UF1_M08/Info.plist;
				LD_RUNPATH_SEARCH_PATHS = (
					"$(inherited)",
					"@executable_path/Frameworks",
				);
				PRODUCT_BUNDLE_IDENTIFIER = "me.Proyecto-UF1-M08";
				PRODUCT_NAME = "$(TARGET_NAME)";
				SWIFT_VERSION = 4.2;
				TARGETED_DEVICE_FAMILY = "1,2";
			};
			name = Debug;
		};
		AC2272132243EA3D005865B7 /* Release */ = {
			isa = XCBuildConfiguration;
			buildSettings = {
				ASSETCATALOG_COMPILER_APPICON_NAME = AppIcon;
				CODE_SIGN_STYLE = Automatic;
				DEVELOPMENT_TEAM = PX925RLNRA;
				INFOPLIST_FILE = Proyecto_UF1_M08/Info.plist;
				LD_RUNPATH_SEARCH_PATHS = (
					"$(inherited)",
					"@executable_path/Frameworks",
				);
				PRODUCT_BUNDLE_IDENTIFIER = "me.Proyecto-UF1-M08";
				PRODUCT_NAME = "$(TARGET_NAME)";
				SWIFT_VERSION = 4.2;
				TARGETED_DEVICE_FAMILY = "1,2";
			};
			name = Release;
		};
		AC2272152243EA3D005865B7 /* Debug */ = {
			isa = XCBuildConfiguration;
			buildSettings = {
				ALWAYS_EMBED_SWIFT_STANDARD_LIBRARIES = YES;
				BUNDLE_LOADER = "$(TEST_HOST)";
				CODE_SIGN_STYLE = Automatic;
				DEVELOPMENT_TEAM = PX925RLNRA;
				INFOPLIST_FILE = Proyecto_UF1_M08Tests/Info.plist;
				LD_RUNPATH_SEARCH_PATHS = (
					"$(inherited)",
					"@executable_path/Frameworks",
					"@loader_path/Frameworks",
				);
				PRODUCT_BUNDLE_IDENTIFIER = "me.Proyecto-UF1-M08Tests";
				PRODUCT_NAME = "$(TARGET_NAME)";
				SWIFT_VERSION = 4.2;
				TARGETED_DEVICE_FAMILY = "1,2";
				TEST_HOST = "$(BUILT_PRODUCTS_DIR)/Proyecto_UF1_M08.app/Proyecto_UF1_M08";
			};
			name = Debug;
		};
		AC2272162243EA3D005865B7 /* Release */ = {
			isa = XCBuildConfiguration;
			buildSettings = {
				ALWAYS_EMBED_SWIFT_STANDARD_LIBRARIES = YES;
				BUNDLE_LOADER = "$(TEST_HOST)";
				CODE_SIGN_STYLE = Automatic;
				DEVELOPMENT_TEAM = PX925RLNRA;
				INFOPLIST_FILE = Proyecto_UF1_M08Tests/Info.plist;
				LD_RUNPATH_SEARCH_PATHS = (
					"$(inherited)",
					"@executable_path/Frameworks",
					"@loader_path/Frameworks",
				);
				PRODUCT_BUNDLE_IDENTIFIER = "me.Proyecto-UF1-M08Tests";
				PRODUCT_NAME = "$(TARGET_NAME)";
				SWIFT_VERSION = 4.2;
				TARGETED_DEVICE_FAMILY = "1,2";
				TEST_HOST = "$(BUILT_PRODUCTS_DIR)/Proyecto_UF1_M08.app/Proyecto_UF1_M08";
			};
			name = Release;
		};
		AC2272182243EA3D005865B7 /* Debug */ = {
			isa = XCBuildConfiguration;
			buildSettings = {
				ALWAYS_EMBED_SWIFT_STANDARD_LIBRARIES = YES;
				CODE_SIGN_STYLE = Automatic;
				DEVELOPMENT_TEAM = PX925RLNRA;
				INFOPLIST_FILE = Proyecto_UF1_M08UITests/Info.plist;
				LD_RUNPATH_SEARCH_PATHS = (
					"$(inherited)",
					"@executable_path/Frameworks",
					"@loader_path/Frameworks",
				);
				PRODUCT_BUNDLE_IDENTIFIER = "me.Proyecto-UF1-M08UITests";
				PRODUCT_NAME = "$(TARGET_NAME)";
				SWIFT_VERSION = 4.2;
				TARGETED_DEVICE_FAMILY = "1,2";
				TEST_TARGET_NAME = Proyecto_UF1_M08;
			};
			name = Debug;
		};
		AC2272192243EA3D005865B7 /* Release */ = {
			isa = XCBuildConfiguration;
			buildSettings = {
				ALWAYS_EMBED_SWIFT_STANDARD_LIBRARIES = YES;
				CODE_SIGN_STYLE = Automatic;
				DEVELOPMENT_TEAM = PX925RLNRA;
				INFOPLIST_FILE = Proyecto_UF1_M08UITests/Info.plist;
				LD_RUNPATH_SEARCH_PATHS = (
					"$(inherited)",
					"@executable_path/Frameworks",
					"@loader_path/Frameworks",
				);
				PRODUCT_BUNDLE_IDENTIFIER = "me.Proyecto-UF1-M08UITests";
				PRODUCT_NAME = "$(TARGET_NAME)";
				SWIFT_VERSION = 4.2;
				TARGETED_DEVICE_FAMILY = "1,2";
				TEST_TARGET_NAME = Proyecto_UF1_M08;
			};
			name = Release;
		};
/* End XCBuildConfiguration section */

/* Begin XCConfigurationList section */
		AC2271E42243EA3B005865B7 /* Build configuration list for PBXProject "Proyecto_UF1_M08" */ = {
			isa = XCConfigurationList;
			buildConfigurations = (
				AC22720F2243EA3D005865B7 /* Debug */,
				AC2272102243EA3D005865B7 /* Release */,
			);
			defaultConfigurationIsVisible = 0;
			defaultConfigurationName = Release;
		};
		AC2272112243EA3D005865B7 /* Build configuration list for PBXNativeTarget "Proyecto_UF1_M08" */ = {
			isa = XCConfigurationList;
			buildConfigurations = (
				AC2272122243EA3D005865B7 /* Debug */,
				AC2272132243EA3D005865B7 /* Release */,
			);
			defaultConfigurationIsVisible = 0;
			defaultConfigurationName = Release;
		};
		AC2272142243EA3D005865B7 /* Build configuration list for PBXNativeTarget "Proyecto_UF1_M08Tests" */ = {
			isa = XCConfigurationList;
			buildConfigurations = (
				AC2272152243EA3D005865B7 /* Debug */,
				AC2272162243EA3D005865B7 /* Release */,
			);
			defaultConfigurationIsVisible = 0;
			defaultConfigurationName = Release;
		};
		AC2272172243EA3D005865B7 /* Build configuration list for PBXNativeTarget "Proyecto_UF1_M08UITests" */ = {
			isa = XCConfigurationList;
			buildConfigurations = (
				AC2272182243EA3D005865B7 /* Debug */,
				AC2272192243EA3D005865B7 /* Release */,
			);
			defaultConfigurationIsVisible = 0;
			defaultConfigurationName = Release;
		};
/* End XCConfigurationList section */
	};
	rootObject = AC2271E12243EA3B005865B7 /* Project object */;
}
